{
  "name": "gift-project",
  "lockfileVersion": 3,
  "requires": true,
  "packages": {
    "": {
      "dependencies": {
        "discord-oauth2": "^2.11.0"
      }
    },
    "node_modules/discord-oauth2": {
      "version": "2.11.0",
      "resolved": "https://registry.npmjs.org/discord-oauth2/-/discord-oauth2-2.11.0.tgz",
      "integrity": "sha512-pIbgXm498f7vqNd8/7JwoLd36YMFOFASSJdqyCGdwQpaG7ULHu9nLyifpVXI1b88xvNLqQwqugS8jxkn8Ypd1Q=="
    }
  }
}
